// !$*UTF8*$!
{
	archiveVersion = 1;
	classes = {
	};
	objectVersion = 46;
	objects = {

/* Begin PBXBuildFile section */
		3D82C6B61B89D04200451E36 /* main.m in Sources */ = {isa = PBXBuildFile; fileRef = 3D82C6B51B89D04200451E36 /* main.m */; };
		3D82C6B91B89D04200451E36 /* AppDelegate.m in Sources */ = {isa = PBXBuildFile; fileRef = 3D82C6B81B89D04200451E36 /* AppDelegate.m */; };
		3D82C6BC1B89D04200451E36 /* ViewController.m in Sources */ = {isa = PBXBuildFile; fileRef = 3D82C6BB1B89D04200451E36 /* ViewController.m */; };
		3D82C6BF1B89D04200451E36 /* Main.storyboard in Resources */ = {isa = PBXBuildFile; fileRef = 3D82C6BD1B89D04200451E36 /* Main.storyboard */; };
		3D82C6C11B89D04200451E36 /* Images.xcassets in Resources */ = {isa = PBXBuildFile; fileRef = 3D82C6C01B89D04200451E36 /* Images.xcassets */; };
		3D82C6C41B89D04200451E36 /* LaunchScreen.xib in Resources */ = {isa = PBXBuildFile; fileRef = 3D82C6C21B89D04200451E36 /* LaunchScreen.xib */; };
		3D82C6D01B89D04200451E36 /* SampleAppTests.m in Sources */ = {isa = PBXBuildFile; fileRef = 3D82C6CF1B89D04200451E36 /* SampleAppTests.m */; };
		3D82C6DC1B89D1ED00451E36 /* greeting.framework in Frameworks */ = {isa = PBXBuildFile; fileRef = 3D82C6DB1B89D1ED00451E36 /* greeting.framework */; };
/* End PBXBuildFile section */

/* Begin PBXContainerItemProxy section */
		3D82C6CA1B89D04200451E36 /* PBXContainerItemProxy */ = {
			isa = PBXContainerItemProxy;
			containerPortal = 3D82C6A81B89D04200451E36 /* Project object */;
			proxyType = 1;
			remoteGlobalIDString = 3D82C6AF1B89D04200451E36;
			remoteInfo = SampleApp;
		};
/* End PBXContainerItemProxy section */

/* Begin PBXFileReference section */
		3D82C6B01B89D04200451E36 /* SampleApp.app */ = {isa = PBXFileReference; explicitFileType = wrapper.application; includeInIndex = 0; path = SampleApp.app; sourceTree = BUILT_PRODUCTS_DIR; };
		3D82C6B41B89D04200451E36 /* Info.plist */ = {isa = PBXFileReference; lastKnownFileType = text.plist.xml; path = Info.plist; sourceTree = "<group>"; };
		3D82C6B51B89D04200451E36 /* main.m */ = {isa = PBXFileReference; lastKnownFileType = sourcecode.c.objc; path = main.m; sourceTree = "<group>"; };
		3D82C6B71B89D04200451E36 /* AppDelegate.h */ = {isa = PBXFileReference; lastKnownFileType = sourcecode.c.h; path = AppDelegate.h; sourceTree = "<group>"; };
		3D82C6B81B89D04200451E36 /* AppDelegate.m */ = {isa = PBXFileReference; lastKnownFileType = sourcecode.c.objc; path = AppDelegate.m; sourceTree = "<group>"; };
		3D82C6BA1B89D04200451E36 /* ViewController.h */ = {isa = PBXFileReference; lastKnownFileType = sourcecode.c.h; path = ViewController.h; sourceTree = "<group>"; };
		3D82C6BB1B89D04200451E36 /* ViewController.m */ = {isa = PBXFileReference; lastKnownFileType = sourcecode.c.objc; path = ViewController.m; sourceTree = "<group>"; };
		3D82C6BE1B89D04200451E36 /* Base */ = {isa = PBXFileReference; lastKnownFileType = file.storyboard; name = Base; path = Base.lproj/Main.storyboard; sourceTree = "<group>"; };
		3D82C6C01B89D04200451E36 /* Images.xcassets */ = {isa = PBXFileReference; lastKnownFileType = folder.assetcatalog; path = Images.xcassets; sourceTree = "<group>"; };
		3D82C6C31B89D04200451E36 /* Base */ = {isa = PBXFileReference; lastKnownFileType = file.xib; name = Base; path = Base.lproj/LaunchScreen.xib; sourceTree = "<group>"; };
		3D82C6C91B89D04200451E36 /* SampleAppTests.xctest */ = {isa = PBXFileReference; explicitFileType = wrapper.cfbundle; includeInIndex = 0; path = SampleAppTests.xctest; sourceTree = BUILT_PRODUCTS_DIR; };
		3D82C6CE1B89D04200451E36 /* Info.plist */ = {isa = PBXFileReference; lastKnownFileType = text.plist.xml; path = Info.plist; sourceTree = "<group>"; };
		3D82C6CF1B89D04200451E36 /* SampleAppTests.m */ = {isa = PBXFileReference; lastKnownFileType = sourcecode.c.objc; path = SampleAppTests.m; sourceTree = "<group>"; };
		3D82C6DB1B89D1ED00451E36 /* greeting.framework */ = {isa = PBXFileReference; lastKnownFileType = wrapper.framework; name = greeting.framework; path = ../greeting/greeting.framework; sourceTree = "<group>"; };
/* End PBXFileReference section */

/* Begin PBXFrameworksBuildPhase section */
		3D82C6AD1B89D04200451E36 /* Frameworks */ = {
			isa = PBXFrameworksBuildPhase;
			buildActionMask = 2147483647;
			files = (
				3D82C6DC1B89D1ED00451E36 /* greeting.framework in Frameworks */,
			);
			runOnlyForDeploymentPostprocessing = 0;
		};
		3D82C6C61B89D04200451E36 /* Frameworks */ = {
			isa = PBXFrameworksBuildPhase;
			buildActionMask = 2147483647;
			files = (
			);
			runOnlyForDeploymentPostprocessing = 0;
		};
/* End PBXFrameworksBuildPhase section */

/* Begin PBXGroup section */
		3D82C6A71B89D04200451E36 = {
			isa = PBXGroup;
			children = (
				3D82C6DB1B89D1ED00451E36 /* greeting.framework */,
				3D82C6B21B89D04200451E36 /* SampleApp */,
				3D82C6CC1B89D04200451E36 /* SampleAppTests */,
				3D82C6B11B89D04200451E36 /* Products */,
			);
			sourceTree = "<group>";
		};
		3D82C6B11B89D04200451E36 /* Products */ = {
			isa = PBXGroup;
			children = (
				3D82C6B01B89D04200451E36 /* SampleApp.app */,
				3D82C6C91B89D04200451E36 /* SampleAppTests.xctest */,
			);
			name = Products;
			sourceTree = "<group>";
		};
		3D82C6B21B89D04200451E36 /* SampleApp */ = {
			isa = PBXGroup;
			children = (
				3D82C6B71B89D04200451E36 /* AppDelegate.h */,
				3D82C6B81B89D04200451E36 /* AppDelegate.m */,
				3D82C6BA1B89D04200451E36 /* ViewController.h */,
				3D82C6BB1B89D04200451E36 /* ViewController.m */,
				3D82C6BD1B89D04200451E36 /* Main.storyboard */,
				3D82C6C01B89D04200451E36 /* Images.xcassets */,
				3D82C6C21B89D04200451E36 /* LaunchScreen.xib */,
				3D82C6B31B89D04200451E36 /* Supporting Files */,
			);
			path = SampleApp;
			sourceTree = "<group>";
		};
		3D82C6B31B89D04200451E36 /* Supporting Files */ = {
			isa = PBXGroup;
			children = (
				3D82C6B41B89D04200451E36 /* Info.plist */,
				3D82C6B51B89D04200451E36 /* main.m */,
			);
			name = "Supporting Files";
			sourceTree = "<group>";
		};
		3D82C6CC1B89D04200451E36 /* SampleAppTests */ = {
			isa = PBXGroup;
			children = (
				3D82C6CF1B89D04200451E36 /* SampleAppTests.m */,
				3D82C6CD1B89D04200451E36 /* Supporting Files */,
			);
			path = SampleAppTests;
			sourceTree = "<group>";
		};
		3D82C6CD1B89D04200451E36 /* Supporting Files */ = {
			isa = PBXGroup;
			children = (
				3D82C6CE1B89D04200451E36 /* Info.plist */,
			);
			name = "Supporting Files";
			sourceTree = "<group>";
		};
/* End PBXGroup section */

/* Begin PBXNativeTarget section */
		3D82C6AF1B89D04200451E36 /* SampleApp */ = {
			isa = PBXNativeTarget;
			buildConfigurationList = 3D82C6D31B89D04200451E36 /* Build configuration list for PBXNativeTarget "SampleApp" */;
			buildPhases = (
				3D82C6AC1B89D04200451E36 /* Sources */,
				3D82C6AD1B89D04200451E36 /* Frameworks */,
				3D82C6AE1B89D04200451E36 /* Resources */,
			);
			buildRules = (
			);
			dependencies = (
			);
			name = SampleApp;
			productName = SampleApp;
			productReference = 3D82C6B01B89D04200451E36 /* SampleApp.app */;
			productType = "com.apple.product-type.application";
		};
		3D82C6C81B89D04200451E36 /* SampleAppTests */ = {
			isa = PBXNativeTarget;
			buildConfigurationList = 3D82C6D61B89D04200451E36 /* Build configuration list for PBXNativeTarget "SampleAppTests" */;
			buildPhases = (
				3D82C6C51B89D04200451E36 /* Sources */,
				3D82C6C61B89D04200451E36 /* Frameworks */,
				3D82C6C71B89D04200451E36 /* Resources */,
			);
			buildRules = (
			);
			dependencies = (
				3D82C6CB1B89D04200451E36 /* PBXTargetDependency */,
			);
			name = SampleAppTests;
			productName = SampleAppTests;
			productReference = 3D82C6C91B89D04200451E36 /* SampleAppTests.xctest */;
			productType = "com.apple.product-type.bundle.unit-test";
		};
/* End PBXNativeTarget section */

/* Begin PBXProject section */
		3D82C6A81B89D04200451E36 /* Project object */ = {
			isa = PBXProject;
			attributes = {
				LastUpgradeCheck = 0640;
				ORGANIZATIONNAME = "Naoto Kaneko";
				TargetAttributes = {
					3D82C6AF1B89D04200451E36 = {
						CreatedOnToolsVersion = 6.4;
					};
					3D82C6C81B89D04200451E36 = {
						CreatedOnToolsVersion = 6.4;
						TestTargetID = 3D82C6AF1B89D04200451E36;
					};
				};
			};
			buildConfigurationList = 3D82C6AB1B89D04200451E36 /* Build configuration list for PBXProject "SampleApp" */;
			compatibilityVersion = "Xcode 3.2";
			developmentRegion = English;
			hasScannedForEncodings = 0;
			knownRegions = (
				en,
				Base,
			);
			mainGroup = 3D82C6A71B89D04200451E36;
			productRefGroup = 3D82C6B11B89D04200451E36 /* Products */;
			projectDirPath = "";
			projectRoot = "";
			targets = (
				3D82C6AF1B89D04200451E36 /* SampleApp */,
				3D82C6C81B89D04200451E36 /* SampleAppTests */,
			);
		};
/* End PBXProject section */

/* Begin PBXResourcesBuildPhase section */
		3D82C6AE1B89D04200451E36 /* Resources */ = {
			isa = PBXResourcesBuildPhase;
			buildActionMask = 2147483647;
			files = (
				3D82C6BF1B89D04200451E36 /* Main.storyboard in Resources */,
				3D82C6C41B89D04200451E36 /* LaunchScreen.xib in Resources */,
				3D82C6C11B89D04200451E36 /* Images.xcassets in Resources */,
			);
			runOnlyForDeploymentPostprocessing = 0;
		};
		3D82C6C71B89D04200451E36 /* Resources */ = {
			isa = PBXResourcesBuildPhase;
			buildActionMask = 2147483647;
			files = (
			);
			runOnlyForDeploymentPostprocessing = 0;
		};
/* End PBXResourcesBuildPhase section */

/* Begin PBXSourcesBuildPhase section */
		3D82C6AC1B89D04200451E36 /* Sources */ = {
			isa = PBXSourcesBuildPhase;
			buildActionMask = 2147483647;
			files = (
				3D82C6BC1B89D04200451E36 /* ViewController.m in Sources */,
				3D82C6B91B89D04200451E36 /* AppDelegate.m in Sources */,
				3D82C6B61B89D04200451E36 /* main.m in Sources */,
			);
			runOnlyForDeploymentPostprocessing = 0;
		};
		3D82C6C51B89D04200451E36 /* Sources */ = {
			isa = PBXSourcesBuildPhase;
			buildActionMask = 2147483647;
			files = (
				3D82C6D01B89D04200451E36 /* SampleAppTests.m in Sources */,
			);
			runOnlyForDeploymentPostprocessing = 0;
		};
/* End PBXSourcesBuildPhase section */

/* Begin PBXTargetDependency section */
		3D82C6CB1B89D04200451E36 /* PBXTargetDependency */ = {
			isa = PBXTargetDependency;
			target = 3D82C6AF1B89D04200451E36 /* SampleApp */;
			targetProxy = 3D82C6CA1B89D04200451E36 /* PBXContainerItemProxy */;
		};
/* End PBXTargetDependency section */

/* Begin PBXVariantGroup section */
		3D82C6BD1B89D04200451E36 /* Main.storyboard */ = {
			isa = PBXVariantGroup;
			children = (
				3D82C6BE1B89D04200451E36 /* Base */,
			);
			name = Main.storyboard;
			sourceTree = "<group>";
		};
		3D82C6C21B89D04200451E36 /* LaunchScreen.xib */ = {
			isa = PBXVariantGroup;
			children = (
				3D82C6C31B89D04200451E36 /* Base */,
			);
			name = LaunchScreen.xib;
			sourceTree = "<group>";
		};
/* End PBXVariantGroup section */

/* Begin XCBuildConfiguration section */
		3D82C6D11B89D04200451E36 /* Debug */ = {
			isa = XCBuildConfiguration;
			buildSettings = {
				ALWAYS_SEARCH_USER_PATHS = NO;
				CLANG_CXX_LANGUAGE_STANDARD = "gnu++0x";
				CLANG_CXX_LIBRARY = "libc++";
				CLANG_ENABLE_MODULES = YES;
				CLANG_ENABLE_OBJC_ARC = YES;
				CLANG_WARN_BOOL_CONVERSION = YES;
				CLANG_WARN_CONSTANT_CONVERSION = YES;
				CLANG_WARN_DIRECT_OBJC_ISA_USAGE = YES_ERROR;
				CLANG_WARN_EMPTY_BODY = YES;
				CLANG_WARN_ENUM_CONVERSION = YES;
				CLANG_WARN_INT_CONVERSION = YES;
				CLANG_WARN_OBJC_ROOT_CLASS = YES_ERROR;
				CLANG_WARN_UNREACHABLE_CODE = YES;
				CLANG_WARN__DUPLICATE_METHOD_MATCH = YES;
				"CODE_SIGN_IDENTITY[sdk=iphoneos*]" = "iPhone Developer";
				COPY_PHASE_STRIP = NO;
				DEBUG_INFORMATION_FORMAT = "dwarf-with-dsym";
				ENABLE_STRICT_OBJC_MSGSEND = YES;
				GCC_C_LANGUAGE_STANDARD = gnu99;
				GCC_DYNAMIC_NO_PIC = NO;
				GCC_NO_COMMON_BLOCKS = YES;
				GCC_OPTIMIZATION_LEVEL = 0;
				GCC_PREPROCESSOR_DEFINITIONS = (
					"DEBUG=1",
					"$(inherited)",
				);
				GCC_SYMBOLS_PRIVATE_EXTERN = NO;
				GCC_WARN_64_TO_32_BIT_CONVERSION = YES;
				GCC_WARN_ABOUT_RETURN_TYPE = YES_ERROR;
				GCC_WARN_UNDECLARED_SELECTOR = YES;
				GCC_WARN_UNINITIALIZED_AUTOS = YES_AGGRESSIVE;
				GCC_WARN_UNUSED_FUNCTION = YES;
				GCC_WARN_UNUSED_VARIABLE = YES;
				IPHONEOS_DEPLOYMENT_TARGET = 8.4;
				MTL_ENABLE_DEBUG_INFO = YES;
				ONLY_ACTIVE_ARCH = YES;
				SDKROOT = iphoneos;
			};
			name = Debug;
		};
		3D82C6D21B89D04200451E36 /* Release */ = {
			isa = XCBuildConfiguration;
			buildSettings = {
				ALWAYS_SEARCH_USER_PATHS = NO;
				CLANG_CXX_LANGUAGE_STANDARD = "gnu++0x";
				CLANG_CXX_LIBRARY = "libc++";
				CLANG_ENABLE_MODULES = YES;
				CLANG_ENABLE_OBJC_ARC = YES;
				CLANG_WARN_BOOL_CONVERSION = YES;
				CLANG_WARN_CONSTANT_CONVERSION = YES;
				CLANG_WARN_DIRECT_OBJC_ISA_USAGE = YES_ERROR;
				CLANG_WARN_EMPTY_BODY = YES;
				CLANG_WARN_ENUM_CONVERSION = YES;
				CLANG_WARN_INT_CONVERSION = YES;
				CLANG_WARN_OBJC_ROOT_CLASS = YES_ERROR;
				CLANG_WARN_UNREACHABLE_CODE = YES;
				CLANG_WARN__DUPLICATE_METHOD_MATCH = YES;
				"CODE_SIGN_IDENTITY[sdk=iphoneos*]" = "iPhone Developer";
				COPY_PHASE_STRIP = NO;
				DEBUG_INFORMATION_FORMAT = "dwarf-with-dsym";
				ENABLE_NS_ASSERTIONS = NO;
				ENABLE_STRICT_OBJC_MSGSEND = YES;
				GCC_C_LANGUAGE_STANDARD = gnu99;
				GCC_NO_COMMON_BLOCKS = YES;
				GCC_WARN_64_TO_32_BIT_CONVERSION = YES;
				GCC_WARN_ABOUT_RETURN_TYPE = YES_ERROR;
				GCC_WARN_UNDECLARED_SELECTOR = YES;
				GCC_WARN_UNINITIALIZED_AUTOS = YES_AGGRESSIVE;
				GCC_WARN_UNUSED_FUNCTION = YES;
				GCC_WARN_UNUSED_VARIABLE = YES;
				IPHONEOS_DEPLOYMENT_TARGET = 8.4;
				MTL_ENABLE_DEBUG_INFO = NO;
				SDKROOT = iphoneos;
				VALIDATE_PRODUCT = YES;
			};
			name = Release;
		};
		3D82C6D41B89D04200451E36 /* Debug */ = {
			isa = XCBuildConfiguration;
			buildSettings = {
				ASSETCATALOG_COMPILER_APPICON_NAME = AppIcon;
				FRAMEWORK_SEARCH_PATHS = (
					"$(inherited)",
					/Users/naoty/src/github.com/naoty/gobind_playground/hello,
					/Users/naoty/src/github.com/naoty/gobind_playground/greeting,
				);
				INFOPLIST_FILE = SampleApp/Info.plist;
				LD_RUNPATH_SEARCH_PATHS = "$(inherited) @executable_path/Frameworks";
				PRODUCT_NAME = "$(TARGET_NAME)";
			};
			name = Debug;
		};
		3D82C6D51B89D04200451E36 /* Release */ = {
			isa = XCBuildConfiguration;
			buildSettings = {
				ASSETCATALOG_COMPILER_APPICON_NAME = AppIcon;
				FRAMEWORK_SEARCH_PATHS = (
					"$(inherited)",
					/Users/naoty/src/github.com/naoty/gobind_playground/hello,
					/Users/naoty/src/github.com/naoty/gobind_playground/greeting,
				);
				INFOPLIST_FILE = SampleApp/Info.plist;
				LD_RUNPATH_SEARCH_PATHS = "$(inherited) @executable_path/Frameworks";
				PRODUCT_NAME = "$(TARGET_NAME)";
			};
			name = Release;
		};
		3D82C6D71B89D04200451E36 /* Debug */ = {
			isa = XCBuildConfiguration;
			buildSettings = {
				BUNDLE_LOADER = "$(TEST_HOST)";
				FRAMEWORK_SEARCH_PATHS = (
					"$(SDKROOT)/Developer/Library/Frameworks",
					"$(inherited)",
				);
				GCC_PREPROCESSOR_DEFINITIONS = (
					"DEBUG=1",
					"$(inherited)",
				);
				INFOPLIST_FILE = SampleAppTests/Info.plist;
				LD_RUNPATH_SEARCH_PATHS = "$(inherited) @executable_path/Frameworks @loader_path/Frameworks";
				PRODUCT_NAME = "$(TARGET_NAME)";
				TEST_HOST = "$(BUILT_PRODUCTS_DIR)/SampleApp.app/SampleApp";
			};
			name = Debug;
		};
		3D82C6D81B89D04200451E36 /* Release */ = {
			isa = XCBuildConfiguration;
			buildSettings = {
				BUNDLE_LOADER = "$(TEST_HOST)";
				FRAMEWORK_SEARCH_PATHS = (
					"$(SDKROOT)/Developer/Library/Frameworks",
					"$(inherited)",
				);
				INFOPLIST_FILE = SampleAppTests/Info.plist;
				LD_RUNPATH_SEARCH_PATHS = "$(inherited) @executable_path/Frameworks @loader_path/Frameworks";
				PRODUCT_NAME = "$(TARGET_NAME)";
				TEST_HOST = "$(BUILT_PRODUCTS_DIR)/SampleApp.app/SampleApp";
			};
			name = Release;
		};
/* End XCBuildConfiguration section */

/* Begin XCConfigurationList section */
		3D82C6AB1B89D04200451E36 /* Build configuration list for PBXProject "SampleApp" */ = {
			isa = XCConfigurationList;
			buildConfigurations = (
				3D82C6D11B89D04200451E36 /* Debug */,
				3D82C6D21B89D04200451E36 /* Release */,
			);
			defaultConfigurationIsVisible = 0;
			defaultConfigurationName = Release;
		};
		3D82C6D31B89D04200451E36 /* Build configuration list for PBXNativeTarget "SampleApp" */ = {
			isa = XCConfigurationList;
			buildConfigurations = (
				3D82C6D41B89D04200451E36 /* Debug */,
				3D82C6D51B89D04200451E36 /* Release */,
			);
			defaultConfigurationIsVisible = 0;
		};
		3D82C6D61B89D04200451E36 /* Build configuration list for PBXNativeTarget "SampleAppTests" */ = {
			isa = XCConfigurationList;
			buildConfigurations = (
				3D82C6D71B89D04200451E36 /* Debug */,
				3D82C6D81B89D04200451E36 /* Release */,
			);
			defaultConfigurationIsVisible = 0;
		};
/* End XCConfigurationList section */
	};
	rootObject = 3D82C6A81B89D04200451E36 /* Project object */;
}
